
Microsoft Visual Studio Solution File, Format Version 12.00
# Visual Studio Version 17
VisualStudioVersion = 17.2.32505.173
MinimumVisualStudioVersion = 10.0.40219.1
Project("{F184B08F-C81C-45F6-A57F-5ABD9991F28F}") = "USB Guard", "USB Guard\USB Guard.vbproj", "{51785441-6E45-4E8C-BC7E-C4D54102EF63}"
EndProject
Global
	GlobalSection(SolutionConfigurationPlatforms) = preSolution
		Debug|Any CPU = Debug|Any CPU
		Release|Any CPU = Release|Any CPU
	EndGlobalSection
	GlobalSection(ProjectConfigurationPlatforms) = postSolution
		{51785441-6E45-4E8C-BC7E-C4D54102EF63}.Debug|Any CPU.ActiveCfg = Debug|Any CPU
		{51785441-6E45-4E8C-BC7E-C4D54102EF63}.Debug|Any CPU.Build.0 = Debug|Any CPU
		{51785441-6E45-4E8C-BC7E-C4D54102EF63}.Release|Any CPU.ActiveCfg = Release|Any CPU
		{51785441-6E45-4E8C-BC7E-C4D54102EF63}.Release|Any CPU.Build.0 = Release|Any CPU
	EndGlobalSection
	GlobalSection(SolutionProperties) = preSolution
		HideSolutionNode = FALSE
	EndGlobalSection
	GlobalSection(ExtensibilityGlobals) = postSolution
		SolutionGuid = {BF58E67D-04AF-46CE-985C-B3B8192A18A4}
	EndGlobalSection
EndGlobal
